
Microsoft Visual Studio Solution File, Format Version 12.00
# Visual Studio Version 16
VisualStudioVersion = 16.0.810.6
MinimumVisualStudioVersion = 10.0.40219.1
Project("{FAE04EC0-301F-11D3-BF4B-00C04F79EFBC}") = "EdabitPractice", "EdabitPractice\EdabitPractice.csproj", "{5BDE19A8-5F35-46F4-80D1-CF36AB076A49}"
EndProject
Global
	GlobalSection(SolutionConfigurationPlatforms) = preSolution
		Debug|Any CPU = Debug|Any CPU
		Release|Any CPU = Release|Any CPU
	EndGlobalSection
	GlobalSection(ProjectConfigurationPlatforms) = postSolution
		{5BDE19A8-5F35-46F4-80D1-CF36AB076A49}.Debug|Any CPU.ActiveCfg = Debug|Any CPU
		{5BDE19A8-5F35-46F4-80D1-CF36AB076A49}.Debug|Any CPU.Build.0 = Debug|Any CPU
		{5BDE19A8-5F35-46F4-80D1-CF36AB076A49}.Release|Any CPU.ActiveCfg = Release|Any CPU
		{5BDE19A8-5F35-46F4-80D1-CF36AB076A49}.Release|Any CPU.Build.0 = Release|Any CPU
	EndGlobalSection
	GlobalSection(SolutionProperties) = preSolution
		HideSolutionNode = FALSE
	EndGlobalSection
	GlobalSection(ExtensibilityGlobals) = postSolution
		SolutionGuid = {42392BCC-B212-4A85-9BBE-07830ED5E548}
	EndGlobalSection
EndGlobal
